// !$*UTF8*$!
{
	archiveVersion = 1;
	classes = {
	};
	objectVersion = 50;
	objects = {

/* Begin PBXBuildFile section */
		63F86FF125069B7F003A1554 /* AppDelegate.swift in Sources */ = {isa = PBXBuildFile; fileRef = 63F86FF025069B7F003A1554 /* AppDelegate.swift */; };
		63F86FF325069B7F003A1554 /* ViewController.swift in Sources */ = {isa = PBXBuildFile; fileRef = 63F86FF225069B7F003A1554 /* ViewController.swift */; };
		63F86FF525069B82003A1554 /* Assets.xcassets in Resources */ = {isa = PBXBuildFile; fileRef = 63F86FF425069B82003A1554 /* Assets.xcassets */; };
		63F86FF825069B82003A1554 /* Main.storyboard in Resources */ = {isa = PBXBuildFile; fileRef = 63F86FF625069B82003A1554 /* Main.storyboard */; };
		63F8700725069BB9003A1554 /* Cocoa.framework in Frameworks */ = {isa = PBXBuildFile; fileRef = 63F8700625069BB9003A1554 /* Cocoa.framework */; };
		63F8700A25069BB9003A1554 /* SourceEditorExtension.swift in Sources */ = {isa = PBXBuildFile; fileRef = 63F8700925069BB9003A1554 /* SourceEditorExtension.swift */; };
		63F8700C25069BB9003A1554 /* SourceEditorCommand.swift in Sources */ = {isa = PBXBuildFile; fileRef = 63F8700B25069BB9003A1554 /* SourceEditorCommand.swift */; };
		63F8701125069BB9003A1554 /* xcodetrophiesextension.appex in Embed App Extensions */ = {isa = PBXBuildFile; fileRef = 63F8700425069BB9003A1554 /* xcodetrophiesextension.appex */; settings = {ATTRIBUTES = (RemoveHeadersOnCopy, ); }; };
/* End PBXBuildFile section */

/* Begin PBXContainerItemProxy section */
		63F8700F25069BB9003A1554 /* PBXContainerItemProxy */ = {
			isa = PBXContainerItemProxy;
			containerPortal = 63F86FE525069B7F003A1554 /* Project object */;
			proxyType = 1;
			remoteGlobalIDString = 63F8700325069BB9003A1554;
			remoteInfo = xcodetrophiesextension;
		};
/* End PBXContainerItemProxy section */

/* Begin PBXCopyFilesBuildPhase section */
		63F8701525069BB9003A1554 /* Embed App Extensions */ = {
			isa = PBXCopyFilesBuildPhase;
			buildActionMask = 2147483647;
			dstPath = "";
			dstSubfolderSpec = 13;
			files = (
				63F8701125069BB9003A1554 /* xcodetrophiesextension.appex in Embed App Extensions */,
			);
			name = "Embed App Extensions";
			runOnlyForDeploymentPostprocessing = 0;
		};
/* End PBXCopyFilesBuildPhase section */

/* Begin PBXFileReference section */
		63F86FED25069B7F003A1554 /* xcodetrophies.app */ = {isa = PBXFileReference; explicitFileType = wrapper.application; includeInIndex = 0; path = xcodetrophies.app; sourceTree = BUILT_PRODUCTS_DIR; };
		63F86FF025069B7F003A1554 /* AppDelegate.swift */ = {isa = PBXFileReference; lastKnownFileType = sourcecode.swift; path = AppDelegate.swift; sourceTree = "<group>"; };
		63F86FF225069B7F003A1554 /* ViewController.swift */ = {isa = PBXFileReference; lastKnownFileType = sourcecode.swift; path = ViewController.swift; sourceTree = "<group>"; };
		63F86FF425069B82003A1554 /* Assets.xcassets */ = {isa = PBXFileReference; lastKnownFileType = folder.assetcatalog; path = Assets.xcassets; sourceTree = "<group>"; };
		63F86FF725069B82003A1554 /* Base */ = {isa = PBXFileReference; lastKnownFileType = file.storyboard; name = Base; path = Base.lproj/Main.storyboard; sourceTree = "<group>"; };
		63F86FF925069B82003A1554 /* Info.plist */ = {isa = PBXFileReference; lastKnownFileType = text.plist.xml; path = Info.plist; sourceTree = "<group>"; };
		63F86FFA25069B82003A1554 /* xcodetrophies.entitlements */ = {isa = PBXFileReference; lastKnownFileType = text.plist.entitlements; path = xcodetrophies.entitlements; sourceTree = "<group>"; };
		63F8700425069BB9003A1554 /* xcodetrophiesextension.appex */ = {isa = PBXFileReference; explicitFileType = "wrapper.app-extension"; includeInIndex = 0; path = xcodetrophiesextension.appex; sourceTree = BUILT_PRODUCTS_DIR; };
		63F8700625069BB9003A1554 /* Cocoa.framework */ = {isa = PBXFileReference; lastKnownFileType = wrapper.framework; name = Cocoa.framework; path = System/Library/Frameworks/Cocoa.framework; sourceTree = SDKROOT; };
		63F8700925069BB9003A1554 /* SourceEditorExtension.swift */ = {isa = PBXFileReference; lastKnownFileType = sourcecode.swift; path = SourceEditorExtension.swift; sourceTree = "<group>"; };
		63F8700B25069BB9003A1554 /* SourceEditorCommand.swift */ = {isa = PBXFileReference; lastKnownFileType = sourcecode.swift; path = SourceEditorCommand.swift; sourceTree = "<group>"; };
		63F8700D25069BB9003A1554 /* Info.plist */ = {isa = PBXFileReference; lastKnownFileType = text.plist.xml; path = Info.plist; sourceTree = "<group>"; };
		63F8700E25069BB9003A1554 /* xcodetrophiesextension.entitlements */ = {isa = PBXFileReference; lastKnownFileType = text.plist.entitlements; path = xcodetrophiesextension.entitlements; sourceTree = "<group>"; };
/* End PBXFileReference section */

/* Begin PBXFrameworksBuildPhase section */
		63F86FEA25069B7F003A1554 /* Frameworks */ = {
			isa = PBXFrameworksBuildPhase;
			buildActionMask = 2147483647;
			files = (
			);
			runOnlyForDeploymentPostprocessing = 0;
		};
		63F8700125069BB9003A1554 /* Frameworks */ = {
			isa = PBXFrameworksBuildPhase;
			buildActionMask = 2147483647;
			files = (
				63F8700725069BB9003A1554 /* Cocoa.framework in Frameworks */,
			);
			runOnlyForDeploymentPostprocessing = 0;
		};
/* End PBXFrameworksBuildPhase section */

/* Begin PBXGroup section */
		63F86FE425069B7F003A1554 = {
			isa = PBXGroup;
			children = (
				63F86FEF25069B7F003A1554 /* xcodetrophies */,
				63F8700825069BB9003A1554 /* xcodetrophiesextension */,
				63F8700525069BB9003A1554 /* Frameworks */,
				63F86FEE25069B7F003A1554 /* Products */,
			);
			sourceTree = "<group>";
		};
		63F86FEE25069B7F003A1554 /* Products */ = {
			isa = PBXGroup;
			children = (
				63F86FED25069B7F003A1554 /* xcodetrophies.app */,
				63F8700425069BB9003A1554 /* xcodetrophiesextension.appex */,
			);
			name = Products;
			sourceTree = "<group>";
		};
		63F86FEF25069B7F003A1554 /* xcodetrophies */ = {
			isa = PBXGroup;
			children = (
				63F86FF025069B7F003A1554 /* AppDelegate.swift */,
				63F86FF225069B7F003A1554 /* ViewController.swift */,
				63F86FF425069B82003A1554 /* Assets.xcassets */,
				63F86FF625069B82003A1554 /* Main.storyboard */,
				63F86FF925069B82003A1554 /* Info.plist */,
				63F86FFA25069B82003A1554 /* xcodetrophies.entitlements */,
			);
			path = xcodetrophies;
			sourceTree = "<group>";
		};
		63F8700525069BB9003A1554 /* Frameworks */ = {
			isa = PBXGroup;
			children = (
				63F8700625069BB9003A1554 /* Cocoa.framework */,
			);
			name = Frameworks;
			sourceTree = "<group>";
		};
		63F8700825069BB9003A1554 /* xcodetrophiesextension */ = {
			isa = PBXGroup;
			children = (
				63F8700925069BB9003A1554 /* SourceEditorExtension.swift */,
				63F8700B25069BB9003A1554 /* SourceEditorCommand.swift */,
				63F8700D25069BB9003A1554 /* Info.plist */,
				63F8700E25069BB9003A1554 /* xcodetrophiesextension.entitlements */,
			);
			path = xcodetrophiesextension;
			sourceTree = "<group>";
		};
/* End PBXGroup section */

/* Begin PBXNativeTarget section */
		63F86FEC25069B7F003A1554 /* xcodetrophies */ = {
			isa = PBXNativeTarget;
			buildConfigurationList = 63F86FFD25069B82003A1554 /* Build configuration list for PBXNativeTarget "xcodetrophies" */;
			buildPhases = (
				63F86FE925069B7F003A1554 /* Sources */,
				63F86FEA25069B7F003A1554 /* Frameworks */,
				63F86FEB25069B7F003A1554 /* Resources */,
				63F8701525069BB9003A1554 /* Embed App Extensions */,
			);
			buildRules = (
			);
			dependencies = (
				63F8701025069BB9003A1554 /* PBXTargetDependency */,
			);
			name = xcodetrophies;
			productName = xcodetrophies;
			productReference = 63F86FED25069B7F003A1554 /* xcodetrophies.app */;
			productType = "com.apple.product-type.application";
		};
		63F8700325069BB9003A1554 /* xcodetrophiesextension */ = {
			isa = PBXNativeTarget;
			buildConfigurationList = 63F8701225069BB9003A1554 /* Build configuration list for PBXNativeTarget "xcodetrophiesextension" */;
			buildPhases = (
				63F8700025069BB9003A1554 /* Sources */,
				63F8700125069BB9003A1554 /* Frameworks */,
				63F8700225069BB9003A1554 /* Resources */,
			);
			buildRules = (
			);
			dependencies = (
			);
			name = xcodetrophiesextension;
			productName = xcodetrophiesextension;
			productReference = 63F8700425069BB9003A1554 /* xcodetrophiesextension.appex */;
			productType = "com.apple.product-type.xcode-extension";
		};
/* End PBXNativeTarget section */

/* Begin PBXProject section */
		63F86FE525069B7F003A1554 /* Project object */ = {
			isa = PBXProject;
			attributes = {
				LastSwiftUpdateCheck = 1170;
				LastUpgradeCheck = 1170;
				ORGANIZATIONNAME = WEBDMG;
				TargetAttributes = {
					63F86FEC25069B7F003A1554 = {
						CreatedOnToolsVersion = 11.7;
					};
					63F8700325069BB9003A1554 = {
						CreatedOnToolsVersion = 11.7;
					};
				};
			};
			buildConfigurationList = 63F86FE825069B7F003A1554 /* Build configuration list for PBXProject "xcodetrophies" */;
			compatibilityVersion = "Xcode 9.3";
			developmentRegion = en;
			hasScannedForEncodings = 0;
			knownRegions = (
				en,
				Base,
			);
			mainGroup = 63F86FE425069B7F003A1554;
			productRefGroup = 63F86FEE25069B7F003A1554 /* Products */;
			projectDirPath = "";
			projectRoot = "";
			targets = (
				63F86FEC25069B7F003A1554 /* xcodetrophies */,
				63F8700325069BB9003A1554 /* xcodetrophiesextension */,
			);
		};
/* End PBXProject section */

/* Begin PBXResourcesBuildPhase section */
		63F86FEB25069B7F003A1554 /* Resources */ = {
			isa = PBXResourcesBuildPhase;
			buildActionMask = 2147483647;
			files = (
				63F86FF525069B82003A1554 /* Assets.xcassets in Resources */,
				63F86FF825069B82003A1554 /* Main.storyboard in Resources */,
			);
			runOnlyForDeploymentPostprocessing = 0;
		};
		63F8700225069BB9003A1554 /* Resources */ = {
			isa = PBXResourcesBuildPhase;
			buildActionMask = 2147483647;
			files = (
			);
			runOnlyForDeploymentPostprocessing = 0;
		};
/* End PBXResourcesBuildPhase section */

/* Begin PBXSourcesBuildPhase section */
		63F86FE925069B7F003A1554 /* Sources */ = {
			isa = PBXSourcesBuildPhase;
			buildActionMask = 2147483647;
			files = (
				63F86FF325069B7F003A1554 /* ViewController.swift in Sources */,
				63F86FF125069B7F003A1554 /* AppDelegate.swift in Sources */,
			);
			runOnlyForDeploymentPostprocessing = 0;
		};
		63F8700025069BB9003A1554 /* Sources */ = {
			isa = PBXSourcesBuildPhase;
			buildActionMask = 2147483647;
			files = (
				63F8700A25069BB9003A1554 /* SourceEditorExtension.swift in Sources */,
				63F8700C25069BB9003A1554 /* SourceEditorCommand.swift in Sources */,
			);
			runOnlyForDeploymentPostprocessing = 0;
		};
/* End PBXSourcesBuildPhase section */

/* Begin PBXTargetDependency section */
		63F8701025069BB9003A1554 /* PBXTargetDependency */ = {
			isa = PBXTargetDependency;
			target = 63F8700325069BB9003A1554 /* xcodetrophiesextension */;
			targetProxy = 63F8700F25069BB9003A1554 /* PBXContainerItemProxy */;
		};
/* End PBXTargetDependency section */

/* Begin PBXVariantGroup section */
		63F86FF625069B82003A1554 /* Main.storyboard */ = {
			isa = PBXVariantGroup;
			children = (
				63F86FF725069B82003A1554 /* Base */,
			);
			name = Main.storyboard;
			sourceTree = "<group>";
		};
/* End PBXVariantGroup section */

/* Begin XCBuildConfiguration section */
		63F86FFB25069B82003A1554 /* Debug */ = {
			isa = XCBuildConfiguration;
			buildSettings = {
				ALWAYS_SEARCH_USER_PATHS = NO;
				CLANG_ANALYZER_NONNULL = YES;
				CLANG_ANALYZER_NUMBER_OBJECT_CONVERSION = YES_AGGRESSIVE;
				CLANG_CXX_LANGUAGE_STANDARD = "gnu++14";
				CLANG_CXX_LIBRARY = "libc++";
				CLANG_ENABLE_MODULES = YES;
				CLANG_ENABLE_OBJC_ARC = YES;
				CLANG_ENABLE_OBJC_WEAK = YES;
				CLANG_WARN_BLOCK_CAPTURE_AUTORELEASING = YES;
				CLANG_WARN_BOOL_CONVERSION = YES;
				CLANG_WARN_COMMA = YES;
				CLANG_WARN_CONSTANT_CONVERSION = YES;
				CLANG_WARN_DEPRECATED_OBJC_IMPLEMENTATIONS = YES;
				CLANG_WARN_DIRECT_OBJC_ISA_USAGE = YES_ERROR;
				CLANG_WARN_DOCUMENTATION_COMMENTS = YES;
				CLANG_WARN_EMPTY_BODY = YES;
				CLANG_WARN_ENUM_CONVERSION = YES;
				CLANG_WARN_INFINITE_RECURSION = YES;
				CLANG_WARN_INT_CONVERSION = YES;
				CLANG_WARN_NON_LITERAL_NULL_CONVERSION = YES;
				CLANG_WARN_OBJC_IMPLICIT_RETAIN_SELF = YES;
				CLANG_WARN_OBJC_LITERAL_CONVERSION = YES;
				CLANG_WARN_OBJC_ROOT_CLASS = YES_ERROR;
				CLANG_WARN_RANGE_LOOP_ANALYSIS = YES;
				CLANG_WARN_STRICT_PROTOTYPES = YES;
				CLANG_WARN_SUSPICIOUS_MOVE = YES;
				CLANG_WARN_UNGUARDED_AVAILABILITY = YES_AGGRESSIVE;
				CLANG_WARN_UNREACHABLE_CODE = YES;
				CLANG_WARN__DUPLICATE_METHOD_MATCH = YES;
				COPY_PHASE_STRIP = NO;
				DEBUG_INFORMATION_FORMAT = dwarf;
				ENABLE_STRICT_OBJC_MSGSEND = YES;
				ENABLE_TESTABILITY = YES;
				GCC_C_LANGUAGE_STANDARD = gnu11;
				GCC_DYNAMIC_NO_PIC = NO;
				GCC_NO_COMMON_BLOCKS = YES;
				GCC_OPTIMIZATION_LEVEL = 0;
				GCC_PREPROCESSOR_DEFINITIONS = (
					"DEBUG=1",
					"$(inherited)",
				);
				GCC_WARN_64_TO_32_BIT_CONVERSION = YES;
				GCC_WARN_ABOUT_RETURN_TYPE = YES_ERROR;
				GCC_WARN_UNDECLARED_SELECTOR = YES;
				GCC_WARN_UNINITIALIZED_AUTOS = YES_AGGRESSIVE;
				GCC_WARN_UNUSED_FUNCTION = YES;
				GCC_WARN_UNUSED_VARIABLE = YES;
				MACOSX_DEPLOYMENT_TARGET = 10.15;
				MTL_ENABLE_DEBUG_INFO = INCLUDE_SOURCE;
				MTL_FAST_MATH = YES;
				ONLY_ACTIVE_ARCH = YES;
				SDKROOT = macosx;
				SWIFT_ACTIVE_COMPILATION_CONDITIONS = DEBUG;
				SWIFT_OPTIMIZATION_LEVEL = "-Onone";
			};
			name = Debug;
		};
		63F86FFC25069B82003A1554 /* Release */ = {
			isa = XCBuildConfiguration;
			buildSettings = {
				ALWAYS_SEARCH_USER_PATHS = NO;
				CLANG_ANALYZER_NONNULL = YES;
				CLANG_ANALYZER_NUMBER_OBJECT_CONVERSION = YES_AGGRESSIVE;
				CLANG_CXX_LANGUAGE_STANDARD = "gnu++14";
				CLANG_CXX_LIBRARY = "libc++";
				CLANG_ENABLE_MODULES = YES;
				CLANG_ENABLE_OBJC_ARC = YES;
				CLANG_ENABLE_OBJC_WEAK = YES;
				CLANG_WARN_BLOCK_CAPTURE_AUTORELEASING = YES;
				CLANG_WARN_BOOL_CONVERSION = YES;
				CLANG_WARN_COMMA = YES;
				CLANG_WARN_CONSTANT_CONVERSION = YES;
				CLANG_WARN_DEPRECATED_OBJC_IMPLEMENTATIONS = YES;
				CLANG_WARN_DIRECT_OBJC_ISA_USAGE = YES_ERROR;
				CLANG_WARN_DOCUMENTATION_COMMENTS = YES;
				CLANG_WARN_EMPTY_BODY = YES;
				CLANG_WARN_ENUM_CONVERSION = YES;
				CLANG_WARN_INFINITE_RECURSION = YES;
				CLANG_WARN_INT_CONVERSION = YES;
				CLANG_WARN_NON_LITERAL_NULL_CONVERSION = YES;
				CLANG_WARN_OBJC_IMPLICIT_RETAIN_SELF = YES;
				CLANG_WARN_OBJC_LITERAL_CONVERSION = YES;
				CLANG_WARN_OBJC_ROOT_CLASS = YES_ERROR;
				CLANG_WARN_RANGE_LOOP_ANALYSIS = YES;
				CLANG_WARN_STRICT_PROTOTYPES = YES;
				CLANG_WARN_SUSPICIOUS_MOVE = YES;
				CLANG_WARN_UNGUARDED_AVAILABILITY = YES_AGGRESSIVE;
				CLANG_WARN_UNREACHABLE_CODE = YES;
				CLANG_WARN__DUPLICATE_METHOD_MATCH = YES;
				COPY_PHASE_STRIP = NO;
				DEBUG_INFORMATION_FORMAT = "dwarf-with-dsym";
				ENABLE_NS_ASSERTIONS = NO;
				ENABLE_STRICT_OBJC_MSGSEND = YES;
				GCC_C_LANGUAGE_STANDARD = gnu11;
				GCC_NO_COMMON_BLOCKS = YES;
				GCC_WARN_64_TO_32_BIT_CONVERSION = YES;
				GCC_WARN_ABOUT_RETURN_TYPE = YES_ERROR;
				GCC_WARN_UNDECLARED_SELECTOR = YES;
				GCC_WARN_UNINITIALIZED_AUTOS = YES_AGGRESSIVE;
				GCC_WARN_UNUSED_FUNCTION = YES;
				GCC_WARN_UNUSED_VARIABLE = YES;
				MACOSX_DEPLOYMENT_TARGET = 10.15;
				MTL_ENABLE_DEBUG_INFO = NO;
				MTL_FAST_MATH = YES;
				SDKROOT = macosx;
				SWIFT_COMPILATION_MODE = wholemodule;
				SWIFT_OPTIMIZATION_LEVEL = "-O";
			};
			name = Release;
		};
		63F86FFE25069B82003A1554 /* Debug */ = {
			isa = XCBuildConfiguration;
			buildSettings = {
				ALWAYS_EMBED_SWIFT_STANDARD_LIBRARIES = YES;
				ASSETCATALOG_COMPILER_APPICON_NAME = AppIcon;
				CODE_SIGN_ENTITLEMENTS = xcodetrophies/xcodetrophies.entitlements;
				CODE_SIGN_STYLE = Automatic;
				COMBINE_HIDPI_IMAGES = YES;
				DEVELOPMENT_TEAM = 3PU85VZT37;
				ENABLE_HARDENED_RUNTIME = YES;
				INFOPLIST_FILE = xcodetrophies/Info.plist;
				LD_RUNPATH_SEARCH_PATHS = (
					"$(inherited)",
					"@executable_path/../Frameworks",
				);
				PRODUCT_BUNDLE_IDENTIFIER = com.webdmg.xcodetrophies.xcodetrophies;
				PRODUCT_NAME = "$(TARGET_NAME)";
				SWIFT_VERSION = 5.0;
			};
			name = Debug;
		};
		63F86FFF25069B82003A1554 /* Release */ = {
			isa = XCBuildConfiguration;
			buildSettings = {
				ALWAYS_EMBED_SWIFT_STANDARD_LIBRARIES = YES;
				ASSETCATALOG_COMPILER_APPICON_NAME = AppIcon;
				CODE_SIGN_ENTITLEMENTS = xcodetrophies/xcodetrophies.entitlements;
				CODE_SIGN_STYLE = Automatic;
				COMBINE_HIDPI_IMAGES = YES;
				DEVELOPMENT_TEAM = 3PU85VZT37;
				ENABLE_HARDENED_RUNTIME = YES;
				INFOPLIST_FILE = xcodetrophies/Info.plist;
				LD_RUNPATH_SEARCH_PATHS = (
					"$(inherited)",
					"@executable_path/../Frameworks",
				);
				PRODUCT_BUNDLE_IDENTIFIER = com.webdmg.xcodetrophies.xcodetrophies;
				PRODUCT_NAME = "$(TARGET_NAME)";
				SWIFT_VERSION = 5.0;
			};
			name = Release;
		};
		63F8701325069BB9003A1554 /* Debug */ = {
			isa = XCBuildConfiguration;
			buildSettings = {
				CODE_SIGN_ENTITLEMENTS = xcodetrophiesextension/xcodetrophiesextension.entitlements;
				CODE_SIGN_STYLE = Automatic;
				COMBINE_HIDPI_IMAGES = YES;
				DEVELOPMENT_TEAM = 3PU85VZT37;
				ENABLE_HARDENED_RUNTIME = YES;
				INFOPLIST_FILE = xcodetrophiesextension/Info.plist;
				LD_RUNPATH_SEARCH_PATHS = (
					"$(inherited)",
					"@executable_path/../Frameworks",
					"@executable_path/../../../../Frameworks",
				);
				PRODUCT_BUNDLE_IDENTIFIER = com.webdmg.xcodetrophies.xcodetrophies.xcodetrophiesextension;
				PRODUCT_NAME = "$(TARGET_NAME)";
				SKIP_INSTALL = YES;
				SWIFT_VERSION = 5.0;
			};
			name = Debug;
		};
		63F8701425069BB9003A1554 /* Release */ = {
			isa = XCBuildConfiguration;
			buildSettings = {
				CODE_SIGN_ENTITLEMENTS = xcodetrophiesextension/xcodetrophiesextension.entitlements;
				CODE_SIGN_STYLE = Automatic;
				COMBINE_HIDPI_IMAGES = YES;
				DEVELOPMENT_TEAM = 3PU85VZT37;
				ENABLE_HARDENED_RUNTIME = YES;
				INFOPLIST_FILE = xcodetrophiesextension/Info.plist;
				LD_RUNPATH_SEARCH_PATHS = (
					"$(inherited)",
					"@executable_path/../Frameworks",
					"@executable_path/../../../../Frameworks",
				);
				PRODUCT_BUNDLE_IDENTIFIER = com.webdmg.xcodetrophies.xcodetrophies.xcodetrophiesextension;
				PRODUCT_NAME = "$(TARGET_NAME)";
				SKIP_INSTALL = YES;
				SWIFT_VERSION = 5.0;
			};
			name = Release;
		};
/* End XCBuildConfiguration section */

/* Begin XCConfigurationList section */
		63F86FE825069B7F003A1554 /* Build configuration list for PBXProject "xcodetrophies" */ = {
			isa = XCConfigurationList;
			buildConfigurations = (
				63F86FFB25069B82003A1554 /* Debug */,
				63F86FFC25069B82003A1554 /* Release */,
			);
			defaultConfigurationIsVisible = 0;
			defaultConfigurationName = Release;
		};
		63F86FFD25069B82003A1554 /* Build configuration list for PBXNativeTarget "xcodetrophies" */ = {
			isa = XCConfigurationList;
			buildConfigurations = (
				63F86FFE25069B82003A1554 /* Debug */,
				63F86FFF25069B82003A1554 /* Release */,
			);
			defaultConfigurationIsVisible = 0;
			defaultConfigurationName = Release;
		};
		63F8701225069BB9003A1554 /* Build configuration list for PBXNativeTarget "xcodetrophiesextension" */ = {
			isa = XCConfigurationList;
			buildConfigurations = (
				63F8701325069BB9003A1554 /* Debug */,
				63F8701425069BB9003A1554 /* Release */,
			);
			defaultConfigurationIsVisible = 0;
			defaultConfigurationName = Release;
		};
/* End XCConfigurationList section */
	};
	rootObject = 63F86FE525069B7F003A1554 /* Project object */;
}
